// !$*UTF8*$!
{
	archiveVersion = 1;
	classes = {
	};
	objectVersion = 56;
	objects = {

/* Begin PBXBuildFile section */
		E896F9E329D32E4900155827 /* main.cpp in Sources */ = {isa = PBXBuildFile; fileRef = E896F9E229D32E4900155827 /* main.cpp */; };
		E896F9EB29D32E7000155827 /* Chessboard.cpp in Sources */ = {isa = PBXBuildFile; fileRef = E896F9E929D32E7000155827 /* Chessboard.cpp */; };
		E896F9EE29D32E8500155827 /* Piece.cpp in Sources */ = {isa = PBXBuildFile; fileRef = E896F9EC29D32E8500155827 /* Piece.cpp */; };
		E8ADE45029D43E730043D8BF /* Pawn.cpp in Sources */ = {isa = PBXBuildFile; fileRef = E8ADE44E29D43E730043D8BF /* Pawn.cpp */; };
		E8ADE45329D441F00043D8BF /* Game.cpp in Sources */ = {isa = PBXBuildFile; fileRef = E8ADE45129D441F00043D8BF /* Game.cpp */; };
		E8ADE45629D450DC0043D8BF /* Bishop.cpp in Sources */ = {isa = PBXBuildFile; fileRef = E8ADE45429D450DC0043D8BF /* Bishop.cpp */; };
		E8ADE45929D450EC0043D8BF /* Rook.cpp in Sources */ = {isa = PBXBuildFile; fileRef = E8ADE45729D450EC0043D8BF /* Rook.cpp */; };
		E8ADE45C29D450FC0043D8BF /* Knight.cpp in Sources */ = {isa = PBXBuildFile; fileRef = E8ADE45A29D450FC0043D8BF /* Knight.cpp */; };
		E8ADE45F29D451060043D8BF /* Queen.cpp in Sources */ = {isa = PBXBuildFile; fileRef = E8ADE45D29D451060043D8BF /* Queen.cpp */; };
		E8ADE46229D4510E0043D8BF /* King.cpp in Sources */ = {isa = PBXBuildFile; fileRef = E8ADE46029D4510E0043D8BF /* King.cpp */; };
/* End PBXBuildFile section */

/* Begin PBXCopyFilesBuildPhase section */
		E896F9DD29D32E4900155827 /* CopyFiles */ = {
			isa = PBXCopyFilesBuildPhase;
			buildActionMask = 2147483647;
			dstPath = /usr/share/man/man1/;
			dstSubfolderSpec = 0;
			files = (
			);
			runOnlyForDeploymentPostprocessing = 1;
		};
/* End PBXCopyFilesBuildPhase section */

/* Begin PBXFileReference section */
		E86422B129D360B0002A76A9 /* typedef.h */ = {isa = PBXFileReference; lastKnownFileType = sourcecode.c.h; path = typedef.h; sourceTree = "<group>"; };
		E896F9DF29D32E4900155827 /* Chess */ = {isa = PBXFileReference; explicitFileType = "compiled.mach-o.executable"; includeInIndex = 0; path = Chess; sourceTree = BUILT_PRODUCTS_DIR; };
		E896F9E229D32E4900155827 /* main.cpp */ = {isa = PBXFileReference; lastKnownFileType = sourcecode.cpp.cpp; path = main.cpp; sourceTree = "<group>"; };
		E896F9E929D32E7000155827 /* Chessboard.cpp */ = {isa = PBXFileReference; lastKnownFileType = sourcecode.cpp.cpp; path = Chessboard.cpp; sourceTree = "<group>"; };
		E896F9EA29D32E7000155827 /* Chessboard.hpp */ = {isa = PBXFileReference; lastKnownFileType = sourcecode.cpp.h; path = Chessboard.hpp; sourceTree = "<group>"; };
		E896F9EC29D32E8500155827 /* Piece.cpp */ = {isa = PBXFileReference; lastKnownFileType = sourcecode.cpp.cpp; path = Piece.cpp; sourceTree = "<group>"; };
		E896F9ED29D32E8500155827 /* Piece.hpp */ = {isa = PBXFileReference; lastKnownFileType = sourcecode.cpp.h; path = Piece.hpp; sourceTree = "<group>"; };
		E8ADE44E29D43E730043D8BF /* Pawn.cpp */ = {isa = PBXFileReference; lastKnownFileType = sourcecode.cpp.cpp; path = Pawn.cpp; sourceTree = "<group>"; };
		E8ADE44F29D43E730043D8BF /* Pawn.hpp */ = {isa = PBXFileReference; lastKnownFileType = sourcecode.cpp.h; path = Pawn.hpp; sourceTree = "<group>"; };
		E8ADE45129D441F00043D8BF /* Game.cpp */ = {isa = PBXFileReference; lastKnownFileType = sourcecode.cpp.cpp; path = Game.cpp; sourceTree = "<group>"; };
		E8ADE45229D441F00043D8BF /* Game.hpp */ = {isa = PBXFileReference; lastKnownFileType = sourcecode.cpp.h; path = Game.hpp; sourceTree = "<group>"; };
		E8ADE45429D450DC0043D8BF /* Bishop.cpp */ = {isa = PBXFileReference; lastKnownFileType = sourcecode.cpp.cpp; path = Bishop.cpp; sourceTree = "<group>"; };
		E8ADE45529D450DC0043D8BF /* Bishop.hpp */ = {isa = PBXFileReference; lastKnownFileType = sourcecode.cpp.h; path = Bishop.hpp; sourceTree = "<group>"; };
		E8ADE45729D450EC0043D8BF /* Rook.cpp */ = {isa = PBXFileReference; lastKnownFileType = sourcecode.cpp.cpp; path = Rook.cpp; sourceTree = "<group>"; };
		E8ADE45829D450EC0043D8BF /* Rook.hpp */ = {isa = PBXFileReference; lastKnownFileType = sourcecode.cpp.h; path = Rook.hpp; sourceTree = "<group>"; };
		E8ADE45A29D450FC0043D8BF /* Knight.cpp */ = {isa = PBXFileReference; lastKnownFileType = sourcecode.cpp.cpp; path = Knight.cpp; sourceTree = "<group>"; };
		E8ADE45B29D450FC0043D8BF /* Knight.hpp */ = {isa = PBXFileReference; lastKnownFileType = sourcecode.cpp.h; path = Knight.hpp; sourceTree = "<group>"; };
		E8ADE45D29D451060043D8BF /* Queen.cpp */ = {isa = PBXFileReference; lastKnownFileType = sourcecode.cpp.cpp; path = Queen.cpp; sourceTree = "<group>"; };
		E8ADE45E29D451060043D8BF /* Queen.hpp */ = {isa = PBXFileReference; lastKnownFileType = sourcecode.cpp.h; path = Queen.hpp; sourceTree = "<group>"; };
		E8ADE46029D4510E0043D8BF /* King.cpp */ = {isa = PBXFileReference; lastKnownFileType = sourcecode.cpp.cpp; path = King.cpp; sourceTree = "<group>"; };
		E8ADE46129D4510E0043D8BF /* King.hpp */ = {isa = PBXFileReference; lastKnownFileType = sourcecode.cpp.h; path = King.hpp; sourceTree = "<group>"; };
/* End PBXFileReference section */

/* Begin PBXFrameworksBuildPhase section */
		E896F9DC29D32E4900155827 /* Frameworks */ = {
			isa = PBXFrameworksBuildPhase;
			buildActionMask = 2147483647;
			files = (
			);
			runOnlyForDeploymentPostprocessing = 0;
		};
/* End PBXFrameworksBuildPhase section */

/* Begin PBXGroup section */
		E896F9D629D32E4900155827 = {
			isa = PBXGroup;
			children = (
				E896F9E129D32E4900155827 /* Chess */,
				E896F9E029D32E4900155827 /* Products */,
			);
			sourceTree = "<group>";
		};
		E896F9E029D32E4900155827 /* Products */ = {
			isa = PBXGroup;
			children = (
				E896F9DF29D32E4900155827 /* Chess */,
			);
			name = Products;
			sourceTree = "<group>";
		};
		E896F9E129D32E4900155827 /* Chess */ = {
			isa = PBXGroup;
			children = (
				E896F9E229D32E4900155827 /* main.cpp */,
				E86422B129D360B0002A76A9 /* typedef.h */,
				E896F9E929D32E7000155827 /* Chessboard.cpp */,
				E896F9EA29D32E7000155827 /* Chessboard.hpp */,
				E8ADE45129D441F00043D8BF /* Game.cpp */,
				E8ADE45229D441F00043D8BF /* Game.hpp */,
				E896F9EC29D32E8500155827 /* Piece.cpp */,
				E896F9ED29D32E8500155827 /* Piece.hpp */,
				E8ADE44E29D43E730043D8BF /* Pawn.cpp */,
				E8ADE44F29D43E730043D8BF /* Pawn.hpp */,
				E8ADE45429D450DC0043D8BF /* Bishop.cpp */,
				E8ADE45529D450DC0043D8BF /* Bishop.hpp */,
				E8ADE45729D450EC0043D8BF /* Rook.cpp */,
				E8ADE45829D450EC0043D8BF /* Rook.hpp */,
				E8ADE45A29D450FC0043D8BF /* Knight.cpp */,
				E8ADE45B29D450FC0043D8BF /* Knight.hpp */,
				E8ADE45D29D451060043D8BF /* Queen.cpp */,
				E8ADE45E29D451060043D8BF /* Queen.hpp */,
				E8ADE46029D4510E0043D8BF /* King.cpp */,
				E8ADE46129D4510E0043D8BF /* King.hpp */,
			);
			path = Chess;
			sourceTree = "<group>";
		};
/* End PBXGroup section */

/* Begin PBXNativeTarget section */
		E896F9DE29D32E4900155827 /* Chess */ = {
			isa = PBXNativeTarget;
			buildConfigurationList = E896F9E629D32E4900155827 /* Build configuration list for PBXNativeTarget "Chess" */;
			buildPhases = (
				E896F9DB29D32E4900155827 /* Sources */,
				E896F9DC29D32E4900155827 /* Frameworks */,
				E896F9DD29D32E4900155827 /* CopyFiles */,
			);
			buildRules = (
			);
			dependencies = (
			);
			name = Chess;
			productName = Chess;
			productReference = E896F9DF29D32E4900155827 /* Chess */;
			productType = "com.apple.product-type.tool";
		};
/* End PBXNativeTarget section */

/* Begin PBXProject section */
		E896F9D729D32E4900155827 /* Project object */ = {
			isa = PBXProject;
			attributes = {
				BuildIndependentTargetsInParallel = 1;
				LastUpgradeCheck = 1420;
				TargetAttributes = {
					E896F9DE29D32E4900155827 = {
						CreatedOnToolsVersion = 14.2;
					};
				};
			};
			buildConfigurationList = E896F9DA29D32E4900155827 /* Build configuration list for PBXProject "Chess" */;
			compatibilityVersion = "Xcode 14.0";
			developmentRegion = en;
			hasScannedForEncodings = 0;
			knownRegions = (
				en,
				Base,
			);
			mainGroup = E896F9D629D32E4900155827;
			productRefGroup = E896F9E029D32E4900155827 /* Products */;
			projectDirPath = "";
			projectRoot = "";
			targets = (
				E896F9DE29D32E4900155827 /* Chess */,
			);
		};
/* End PBXProject section */

/* Begin PBXSourcesBuildPhase section */
		E896F9DB29D32E4900155827 /* Sources */ = {
			isa = PBXSourcesBuildPhase;
			buildActionMask = 2147483647;
			files = (
				E8ADE45C29D450FC0043D8BF /* Knight.cpp in Sources */,
				E896F9EE29D32E8500155827 /* Piece.cpp in Sources */,
				E896F9E329D32E4900155827 /* main.cpp in Sources */,
				E8ADE45F29D451060043D8BF /* Queen.cpp in Sources */,
				E8ADE46229D4510E0043D8BF /* King.cpp in Sources */,
				E896F9EB29D32E7000155827 /* Chessboard.cpp in Sources */,
				E8ADE45029D43E730043D8BF /* Pawn.cpp in Sources */,
				E8ADE45629D450DC0043D8BF /* Bishop.cpp in Sources */,
				E8ADE45929D450EC0043D8BF /* Rook.cpp in Sources */,
				E8ADE45329D441F00043D8BF /* Game.cpp in Sources */,
			);
			runOnlyForDeploymentPostprocessing = 0;
		};
/* End PBXSourcesBuildPhase section */

/* Begin XCBuildConfiguration section */
		E896F9E429D32E4900155827 /* Debug */ = {
			isa = XCBuildConfiguration;
			buildSettings = {
				ALWAYS_SEARCH_USER_PATHS = NO;
				CLANG_ANALYZER_NONNULL = YES;
				CLANG_ANALYZER_NUMBER_OBJECT_CONVERSION = YES_AGGRESSIVE;
				CLANG_CXX_LANGUAGE_STANDARD = "gnu++20";
				CLANG_ENABLE_MODULES = YES;
				CLANG_ENABLE_OBJC_ARC = YES;
				CLANG_ENABLE_OBJC_WEAK = YES;
				CLANG_WARN_BLOCK_CAPTURE_AUTORELEASING = YES;
				CLANG_WARN_BOOL_CONVERSION = YES;
				CLANG_WARN_COMMA = YES;
				CLANG_WARN_CONSTANT_CONVERSION = YES;
				CLANG_WARN_DEPRECATED_OBJC_IMPLEMENTATIONS = YES;
				CLANG_WARN_DIRECT_OBJC_ISA_USAGE = YES_ERROR;
				CLANG_WARN_DOCUMENTATION_COMMENTS = YES;
				CLANG_WARN_EMPTY_BODY = YES;
				CLANG_WARN_ENUM_CONVERSION = YES;
				CLANG_WARN_INFINITE_RECURSION = YES;
				CLANG_WARN_INT_CONVERSION = YES;
				CLANG_WARN_NON_LITERAL_NULL_CONVERSION = YES;
				CLANG_WARN_OBJC_IMPLICIT_RETAIN_SELF = YES;
				CLANG_WARN_OBJC_LITERAL_CONVERSION = YES;
				CLANG_WARN_OBJC_ROOT_CLASS = YES_ERROR;
				CLANG_WARN_QUOTED_INCLUDE_IN_FRAMEWORK_HEADER = YES;
				CLANG_WARN_RANGE_LOOP_ANALYSIS = YES;
				CLANG_WARN_STRICT_PROTOTYPES = YES;
				CLANG_WARN_SUSPICIOUS_MOVE = YES;
				CLANG_WARN_UNGUARDED_AVAILABILITY = YES_AGGRESSIVE;
				CLANG_WARN_UNREACHABLE_CODE = YES;
				CLANG_WARN__DUPLICATE_METHOD_MATCH = YES;
				COPY_PHASE_STRIP = NO;
				DEBUG_INFORMATION_FORMAT = dwarf;
				ENABLE_STRICT_OBJC_MSGSEND = YES;
				ENABLE_TESTABILITY = YES;
				GCC_C_LANGUAGE_STANDARD = gnu11;
				GCC_DYNAMIC_NO_PIC = NO;
				GCC_NO_COMMON_BLOCKS = YES;
				GCC_OPTIMIZATION_LEVEL = 0;
				GCC_PREPROCESSOR_DEFINITIONS = (
					"DEBUG=1",
					"$(inherited)",
				);
				GCC_WARN_64_TO_32_BIT_CONVERSION = YES;
				GCC_WARN_ABOUT_RETURN_TYPE = YES_ERROR;
				GCC_WARN_UNDECLARED_SELECTOR = YES;
				GCC_WARN_UNINITIALIZED_AUTOS = YES_AGGRESSIVE;
				GCC_WARN_UNUSED_FUNCTION = YES;
				GCC_WARN_UNUSED_VARIABLE = YES;
				MACOSX_DEPLOYMENT_TARGET = 12.6;
				MTL_ENABLE_DEBUG_INFO = INCLUDE_SOURCE;
				MTL_FAST_MATH = YES;
				ONLY_ACTIVE_ARCH = YES;
				SDKROOT = macosx;
			};
			name = Debug;
		};
		E896F9E529D32E4900155827 /* Release */ = {
			isa = XCBuildConfiguration;
			buildSettings = {
				ALWAYS_SEARCH_USER_PATHS = NO;
				CLANG_ANALYZER_NONNULL = YES;
				CLANG_ANALYZER_NUMBER_OBJECT_CONVERSION = YES_AGGRESSIVE;
				CLANG_CXX_LANGUAGE_STANDARD = "gnu++20";
				CLANG_ENABLE_MODULES = YES;
				CLANG_ENABLE_OBJC_ARC = YES;
				CLANG_ENABLE_OBJC_WEAK = YES;
				CLANG_WARN_BLOCK_CAPTURE_AUTORELEASING = YES;
				CLANG_WARN_BOOL_CONVERSION = YES;
				CLANG_WARN_COMMA = YES;
				CLANG_WARN_CONSTANT_CONVERSION = YES;
				CLANG_WARN_DEPRECATED_OBJC_IMPLEMENTATIONS = YES;
				CLANG_WARN_DIRECT_OBJC_ISA_USAGE = YES_ERROR;
				CLANG_WARN_DOCUMENTATION_COMMENTS = YES;
				CLANG_WARN_EMPTY_BODY = YES;
				CLANG_WARN_ENUM_CONVERSION = YES;
				CLANG_WARN_INFINITE_RECURSION = YES;
				CLANG_WARN_INT_CONVERSION = YES;
				CLANG_WARN_NON_LITERAL_NULL_CONVERSION = YES;
				CLANG_WARN_OBJC_IMPLICIT_RETAIN_SELF = YES;
				CLANG_WARN_OBJC_LITERAL_CONVERSION = YES;
				CLANG_WARN_OBJC_ROOT_CLASS = YES_ERROR;
				CLANG_WARN_QUOTED_INCLUDE_IN_FRAMEWORK_HEADER = YES;
				CLANG_WARN_RANGE_LOOP_ANALYSIS = YES;
				CLANG_WARN_STRICT_PROTOTYPES = YES;
				CLANG_WARN_SUSPICIOUS_MOVE = YES;
				CLANG_WARN_UNGUARDED_AVAILABILITY = YES_AGGRESSIVE;
				CLANG_WARN_UNREACHABLE_CODE = YES;
				CLANG_WARN__DUPLICATE_METHOD_MATCH = YES;
				COPY_PHASE_STRIP = NO;
				DEBUG_INFORMATION_FORMAT = "dwarf-with-dsym";
				ENABLE_NS_ASSERTIONS = NO;
				ENABLE_STRICT_OBJC_MSGSEND = YES;
				GCC_C_LANGUAGE_STANDARD = gnu11;
				GCC_NO_COMMON_BLOCKS = YES;
				GCC_WARN_64_TO_32_BIT_CONVERSION = YES;
				GCC_WARN_ABOUT_RETURN_TYPE = YES_ERROR;
				GCC_WARN_UNDECLARED_SELECTOR = YES;
				GCC_WARN_UNINITIALIZED_AUTOS = YES_AGGRESSIVE;
				GCC_WARN_UNUSED_FUNCTION = YES;
				GCC_WARN_UNUSED_VARIABLE = YES;
				MACOSX_DEPLOYMENT_TARGET = 12.6;
				MTL_ENABLE_DEBUG_INFO = NO;
				MTL_FAST_MATH = YES;
				SDKROOT = macosx;
			};
			name = Release;
		};
		E896F9E729D32E4900155827 /* Debug */ = {
			isa = XCBuildConfiguration;
			buildSettings = {
				CODE_SIGN_STYLE = Automatic;
				PRODUCT_NAME = "$(TARGET_NAME)";
			};
			name = Debug;
		};
		E896F9E829D32E4900155827 /* Release */ = {
			isa = XCBuildConfiguration;
			buildSettings = {
				CODE_SIGN_STYLE = Automatic;
				PRODUCT_NAME = "$(TARGET_NAME)";
			};
			name = Release;
		};
/* End XCBuildConfiguration section */

/* Begin XCConfigurationList section */
		E896F9DA29D32E4900155827 /* Build configuration list for PBXProject "Chess" */ = {
			isa = XCConfigurationList;
			buildConfigurations = (
				E896F9E429D32E4900155827 /* Debug */,
				E896F9E529D32E4900155827 /* Release */,
			);
			defaultConfigurationIsVisible = 0;
			defaultConfigurationName = Release;
		};
		E896F9E629D32E4900155827 /* Build configuration list for PBXNativeTarget "Chess" */ = {
			isa = XCConfigurationList;
			buildConfigurations = (
				E896F9E729D32E4900155827 /* Debug */,
				E896F9E829D32E4900155827 /* Release */,
			);
			defaultConfigurationIsVisible = 0;
			defaultConfigurationName = Release;
		};
/* End XCConfigurationList section */
	};
	rootObject = E896F9D729D32E4900155827 /* Project object */;
}
